// !$*UTF8*$!
{
	archiveVersion = 1;
	classes = {
	};
	objectVersion = 46;
	objects = {

/* Begin PBXBuildFile section */
		5A05EF491EE530F600F966FE /* SLlibs.h in Headers */ = {isa = PBXBuildFile; fileRef = 5A05EF471EE530F600F966FE /* SLlibs.h */; settings = {ATTRIBUTES = (Public, ); }; };
		5A05EF4C1EE530F600F966FE /* SLlibs.framework in Frameworks */ = {isa = PBXBuildFile; fileRef = 5A05EF451EE530F600F966FE /* SLlibs.framework */; };
		5A05EF4D1EE530F600F966FE /* SLlibs.framework in Embed Frameworks */ = {isa = PBXBuildFile; fileRef = 5A05EF451EE530F600F966FE /* SLlibs.framework */; settings = {ATTRIBUTES = (CodeSignOnCopy, RemoveHeadersOnCopy, ); }; };
		5A05EF5C1EE5311200F966FE /* Image.xcassets in Resources */ = {isa = PBXBuildFile; fileRef = 5A05EF511EE5311200F966FE /* Image.xcassets */; };
		5A05EF5D1EE5311200F966FE /* LimitInput.h in Headers */ = {isa = PBXBuildFile; fileRef = 5A05EF521EE5311200F966FE /* LimitInput.h */; };
		5A05EF5E1EE5311200F966FE /* LimitInput.m in Sources */ = {isa = PBXBuildFile; fileRef = 5A05EF531EE5311200F966FE /* LimitInput.m */; };
		5A05EF5F1EE5311200F966FE /* RSAEncryptor.h in Headers */ = {isa = PBXBuildFile; fileRef = 5A05EF541EE5311200F966FE /* RSAEncryptor.h */; settings = {ATTRIBUTES = (Public, ); }; };
		5A05EF601EE5311200F966FE /* RSAEncryptor.m in Sources */ = {isa = PBXBuildFile; fileRef = 5A05EF551EE5311200F966FE /* RSAEncryptor.m */; };
		5A05EF611EE5311200F966FE /* Tools.h in Headers */ = {isa = PBXBuildFile; fileRef = 5A05EF561EE5311200F966FE /* Tools.h */; settings = {ATTRIBUTES = (Public, ); }; };
		5A05EF621EE5311200F966FE /* Tools.m in Sources */ = {isa = PBXBuildFile; fileRef = 5A05EF571EE5311200F966FE /* Tools.m */; };
		5A05EF631EE5311200F966FE /* UIAlertController+Blocks.h in Headers */ = {isa = PBXBuildFile; fileRef = 5A05EF581EE5311200F966FE /* UIAlertController+Blocks.h */; settings = {ATTRIBUTES = (Public, ); }; };
		5A05EF641EE5311200F966FE /* UIAlertController+Blocks.m in Sources */ = {isa = PBXBuildFile; fileRef = 5A05EF591EE5311200F966FE /* UIAlertController+Blocks.m */; };
		5A05EF651EE5311200F966FE /* UIViewController+Tracking.h in Headers */ = {isa = PBXBuildFile; fileRef = 5A05EF5A1EE5311200F966FE /* UIViewController+Tracking.h */; };
		5A05EF661EE5311200F966FE /* UIViewController+Tracking.m in Sources */ = {isa = PBXBuildFile; fileRef = 5A05EF5B1EE5311200F966FE /* UIViewController+Tracking.m */; };
		5A3388071ECB3B1600FA9DC4 /* README.md in Sources */ = {isa = PBXBuildFile; fileRef = 5A3388061ECB3B1600FA9DC4 /* README.md */; };
		5A541CEA1E9D31D600593F99 /* GCDMethods.m in Sources */ = {isa = PBXBuildFile; fileRef = 5A541CE71E9D31D600593F99 /* GCDMethods.m */; };
		5A541CEB1E9D31D600593F99 /* GCDTableViewController.m in Sources */ = {isa = PBXBuildFile; fileRef = 5A541CE91E9D31D600593F99 /* GCDTableViewController.m */; };
		5A541D2F1E9D31E500593F99 /* CopyViewController.m in Sources */ = {isa = PBXBuildFile; fileRef = 5A541CEE1E9D31E500593F99 /* CopyViewController.m */; };
		5A541D301E9D31E500593F99 /* CoreDataManager.m in Sources */ = {isa = PBXBuildFile; fileRef = 5A541CF11E9D31E500593F99 /* CoreDataManager.m */; };
		5A541D311E9D31E500593F99 /* CoreDataTableViewController.m in Sources */ = {isa = PBXBuildFile; fileRef = 5A541CF31E9D31E500593F99 /* CoreDataTableViewController.m */; };
		5A541D341E9D31E500593F99 /* TVDataSourceAndDelegate.m in Sources */ = {isa = PBXBuildFile; fileRef = 5A541CFB1E9D31E500593F99 /* TVDataSourceAndDelegate.m */; };
		5A541D351E9D31E500593F99 /* AFNetworkingOfflineResumeDownloadFileViewController.m in Sources */ = {isa = PBXBuildFile; fileRef = 5A541CFE1E9D31E500593F99 /* AFNetworkingOfflineResumeDownloadFileViewController.m */; };
		5A541D361E9D31E500593F99 /* FileDownloadTableViewController.m in Sources */ = {isa = PBXBuildFile; fileRef = 5A541D001E9D31E500593F99 /* FileDownloadTableViewController.m */; };
		5A541D371E9D31E500593F99 /* NSURLSessionBlockDownloadFileViewController.m.decrepated in Sources */ = {isa = PBXBuildFile; fileRef = 5A541D021E9D31E500593F99 /* NSURLSessionBlockDownloadFileViewController.m.decrepated */; };
		5A541D381E9D31E500593F99 /* NSURLSessionDelegateDownloadFileViewController.m.decrepated in Sources */ = {isa = PBXBuildFile; fileRef = 5A541D041E9D31E500593F99 /* NSURLSessionDelegateDownloadFileViewController.m.decrepated */; };
		5A541D391E9D31E500593F99 /* NSURLSessionOfflineResumeDownloadFileViewController.m in Sources */ = {isa = PBXBuildFile; fileRef = 5A541D061E9D31E500593F99 /* NSURLSessionOfflineResumeDownloadFileViewController.m */; };
		5A541D3A1E9D31E500593F99 /* Example1Controller.m in Sources */ = {isa = PBXBuildFile; fileRef = 5A541D091E9D31E500593F99 /* Example1Controller.m */; };
		5A541D3B1E9D31E500593F99 /* Example2Controller.m in Sources */ = {isa = PBXBuildFile; fileRef = 5A541D0B1E9D31E500593F99 /* Example2Controller.m */; };
		5A541D3C1E9D31E500593F99 /* Example3Controller.m in Sources */ = {isa = PBXBuildFile; fileRef = 5A541D0D1E9D31E500593F99 /* Example3Controller.m */; };
		5A541D3D1E9D31E500593F99 /* Example4Controller.m in Sources */ = {isa = PBXBuildFile; fileRef = 5A541D0F1E9D31E500593F99 /* Example4Controller.m */; };
		5A541D3E1E9D31E500593F99 /* Example5Controller.m in Sources */ = {isa = PBXBuildFile; fileRef = 5A541D111E9D31E500593F99 /* Example5Controller.m */; };
		5A541D3F1E9D31E500593F99 /* MasonryTabBarController.m in Sources */ = {isa = PBXBuildFile; fileRef = 5A541D131E9D31E500593F99 /* MasonryTabBarController.m */; };
		5A541D401E9D31E500593F99 /* UIView+LJC.m in Sources */ = {isa = PBXBuildFile; fileRef = 5A541D151E9D31E500593F99 /* UIView+LJC.m */; };
		5A541D421E9D31E500593F99 /* private_key.p12 in Resources */ = {isa = PBXBuildFile; fileRef = 5A541D1A1E9D31E500593F99 /* private_key.p12 */; };
		5A541D431E9D31E500593F99 /* private_key.pem in Resources */ = {isa = PBXBuildFile; fileRef = 5A541D1B1E9D31E500593F99 /* private_key.pem */; };
		5A541D441E9D31E500593F99 /* public_key.der in Resources */ = {isa = PBXBuildFile; fileRef = 5A541D1C1E9D31E500593F99 /* public_key.der */; };
		5A541D451E9D31E500593F99 /* rsaCerReq.csr in Resources */ = {isa = PBXBuildFile; fileRef = 5A541D1D1E9D31E500593F99 /* rsaCerReq.csr */; };
		5A541D461E9D31E500593F99 /* rsaCert.crt in Resources */ = {isa = PBXBuildFile; fileRef = 5A541D1E1E9D31E500593F99 /* rsaCert.crt */; };
		5A541D471E9D31E500593F99 /* RSAViewController.m in Sources */ = {isa = PBXBuildFile; fileRef = 5A541D201E9D31E500593F99 /* RSAViewController.m */; };
		5A541D481E9D31E500593F99 /* RunLoopViewController.m in Sources */ = {isa = PBXBuildFile; fileRef = 5A541D231E9D31E500593F99 /* RunLoopViewController.m */; };
		5A541D541E9D320200593F99 /* AppDelegate.m in Sources */ = {isa = PBXBuildFile; fileRef = 5A541D4F1E9D320200593F99 /* AppDelegate.m */; };
		5A541D561E9D320200593F99 /* ViewController.m in Sources */ = {isa = PBXBuildFile; fileRef = 5A541D531E9D320200593F99 /* ViewController.m */; };
		5A541D5B1E9D321900593F99 /* LaunchScreen.storyboard in Resources */ = {isa = PBXBuildFile; fileRef = 5A541D571E9D321900593F99 /* LaunchScreen.storyboard */; };
		5A541D5C1E9D321900593F99 /* Main.storyboard in Resources */ = {isa = PBXBuildFile; fileRef = 5A541D591E9D321900593F99 /* Main.storyboard */; };
		5A541D5E1E9D322300593F99 /* Assets.xcassets in Resources */ = {isa = PBXBuildFile; fileRef = 5A541D5D1E9D322300593F99 /* Assets.xcassets */; };
		5A541D601E9D324000593F99 /* Info.plist in Resources */ = {isa = PBXBuildFile; fileRef = 5A541D5F1E9D324000593F99 /* Info.plist */; };
		5A541D631E9D325800593F99 /* main.m in Sources */ = {isa = PBXBuildFile; fileRef = 5A541D611E9D325800593F99 /* main.m */; };
		5A541DEC1E9DCBDF00593F99 /* WaterFallViewController.m in Sources */ = {isa = PBXBuildFile; fileRef = 5A541DEB1E9DCBDF00593F99 /* WaterFallViewController.m */; };
		5A541DEF1E9DCCA900593F99 /* WaterFallLayout.m in Sources */ = {isa = PBXBuildFile; fileRef = 5A541DEE1E9DCCA900593F99 /* WaterFallLayout.m */; };
		5A541DF21E9DCD3300593F99 /* WFImage.m in Sources */ = {isa = PBXBuildFile; fileRef = 5A541DF11E9DCD3300593F99 /* WFImage.m */; };
		5A541DF41E9DCFED00593F99 /* images.plist in Resources */ = {isa = PBXBuildFile; fileRef = 5A541DF31E9DCFED00593F99 /* images.plist */; };
		5A541DF71E9DF75700593F99 /* WFCollectionViewCell.m in Sources */ = {isa = PBXBuildFile; fileRef = 5A541DF61E9DF75700593F99 /* WFCollectionViewCell.m */; };
		5A541DFC1E9DFB7200593F99 /* icon@2x.png in Resources */ = {isa = PBXBuildFile; fileRef = 5A541DFA1E9DFB7200593F99 /* icon@2x.png */; };
		5A541DFD1E9DFB7200593F99 /* icon@3x.png in Resources */ = {isa = PBXBuildFile; fileRef = 5A541DFB1E9DFB7200593F99 /* icon@3x.png */; };
		5A541E091E9DFBE700593F99 /* ASyncURLConnection.m in Sources */ = {isa = PBXBuildFile; fileRef = 5A541E001E9DFBE700593F99 /* ASyncURLConnection.m */; };
		5A541E0A1E9DFBE700593F99 /* LSAlertController.m in Sources */ = {isa = PBXBuildFile; fileRef = 5A541E021E9DFBE700593F99 /* LSAlertController.m */; };
		5A541E0F1E9DFCB200593F99 /* img001.jpg in Resources */ = {isa = PBXBuildFile; fileRef = 5A541E0E1E9DFCB200593F99 /* img001.jpg */; };
		5A541E111E9DFDC500593F99 /* img002.jpg in Resources */ = {isa = PBXBuildFile; fileRef = 5A541E101E9DFDC500593F99 /* img002.jpg */; };
		5A77CB7B1ED7139500EE95BC /* OperationViewController.m in Sources */ = {isa = PBXBuildFile; fileRef = 5A77CB7A1ED7139500EE95BC /* OperationViewController.m */; };
		5A77CB7E1ED7190D00EE95BC /* AsyncOperation.m in Sources */ = {isa = PBXBuildFile; fileRef = 5A77CB7D1ED7190D00EE95BC /* AsyncOperation.m */; };
		5AA77A3E1EA9A09900052A77 /* CGContextAddCurveToPoint.png in Resources */ = {isa = PBXBuildFile; fileRef = 5AA77A311EA9A09900052A77 /* CGContextAddCurveToPoint.png */; };
		5AA77A3F1EA9A09900052A77 /* CGContextAddQuadCurveToPoint.png in Resources */ = {isa = PBXBuildFile; fileRef = 5AA77A321EA9A09900052A77 /* CGContextAddQuadCurveToPoint.png */; };
		5AA77A401EA9A09900052A77 /* CGContextObject.m in Sources */ = {isa = PBXBuildFile; fileRef = 5AA77A341EA9A09900052A77 /* CGContextObject.m */; };
		5AA77A411EA9A09900052A77 /* GradientColor.m in Sources */ = {isa = PBXBuildFile; fileRef = 5AA77A361EA9A09900052A77 /* GradientColor.m */; };
		5AA77A421EA9A09900052A77 /* KView.m in Sources */ = {isa = PBXBuildFile; fileRef = 5AA77A381EA9A09900052A77 /* KView.m */; };
		5AA77A431EA9A09900052A77 /* RedGradientColor.m in Sources */ = {isa = PBXBuildFile; fileRef = 5AA77A3A1EA9A09900052A77 /* RedGradientColor.m */; };
		5AA77A441EA9A09900052A77 /* RGBColor.m in Sources */ = {isa = PBXBuildFile; fileRef = 5AA77A3C1EA9A09900052A77 /* RGBColor.m */; };
		5AA77A481EA9A0D700052A77 /* CGContextViewController.m in Sources */ = {isa = PBXBuildFile; fileRef = 5AA77A471EA9A0D700052A77 /* CGContextViewController.m */; };
		5ABE13F51EBEBE61003A0A60 /* Model.xcdatamodeld in Sources */ = {isa = PBXBuildFile; fileRef = 5ABE13F31EBEBE61003A0A60 /* Model.xcdatamodeld */; };
		5ACC2E591E9FAE010055B571 /* BlockViewController.m in Sources */ = {isa = PBXBuildFile; fileRef = 5ACC2E581E9FAE010055B571 /* BlockViewController.m */; };
		5ACF84551EBEB98100C771D1 /* CoreData.framework in Frameworks */ = {isa = PBXBuildFile; fileRef = 5A462D9A1E8A396E004139A6 /* CoreData.framework */; };
		5AFD36071EB0788600BD7F2A /* Localizable.strings in Resources */ = {isa = PBXBuildFile; fileRef = 5AFD36091EB0788600BD7F2A /* Localizable.strings */; };
		C321BB2804A3A580903231D4 /* libPods-ios-Note.a in Frameworks */ = {isa = PBXBuildFile; fileRef = 7BD6866C2788CEFE13D8DB2D /* libPods-ios-Note.a */; };
/* End PBXBuildFile section */

/* Begin PBXContainerItemProxy section */
		5A05EF4A1EE530F600F966FE /* PBXContainerItemProxy */ = {
			isa = PBXContainerItemProxy;
			containerPortal = 5AB0A13E1E8504B000105D17 /* Project object */;
			proxyType = 1;
			remoteGlobalIDString = 5A05EF441EE530F600F966FE;
			remoteInfo = SLlibs;
		};
/* End PBXContainerItemProxy section */

/* Begin PBXCopyFilesBuildPhase section */
		5A05EF181EE5297600F966FE /* Embed Frameworks */ = {
			isa = PBXCopyFilesBuildPhase;
			buildActionMask = 2147483647;
			dstPath = "";
			dstSubfolderSpec = 10;
			files = (
				5A05EF4D1EE530F600F966FE /* SLlibs.framework in Embed Frameworks */,
			);
			name = "Embed Frameworks";
			runOnlyForDeploymentPostprocessing = 0;
		};
/* End PBXCopyFilesBuildPhase section */

/* Begin PBXFileReference section */
		357077015DA772438C9DC151 /* Pods-ios-Note.debug.xcconfig */ = {isa = PBXFileReference; includeInIndex = 1; lastKnownFileType = text.xcconfig; name = "Pods-ios-Note.debug.xcconfig"; path = "Pods/Target Support Files/Pods-ios-Note/Pods-ios-Note.debug.xcconfig"; sourceTree = "<group>"; };
		5A05EF451EE530F600F966FE /* SLlibs.framework */ = {isa = PBXFileReference; explicitFileType = wrapper.framework; includeInIndex = 0; path = SLlibs.framework; sourceTree = BUILT_PRODUCTS_DIR; };
		5A05EF471EE530F600F966FE /* SLlibs.h */ = {isa = PBXFileReference; lastKnownFileType = sourcecode.c.h; path = SLlibs.h; sourceTree = "<group>"; };
		5A05EF481EE530F600F966FE /* Info.plist */ = {isa = PBXFileReference; lastKnownFileType = text.plist.xml; path = Info.plist; sourceTree = "<group>"; };
		5A05EF511EE5311200F966FE /* Image.xcassets */ = {isa = PBXFileReference; lastKnownFileType = folder.assetcatalog; path = Image.xcassets; sourceTree = "<group>"; };
		5A05EF521EE5311200F966FE /* LimitInput.h */ = {isa = PBXFileReference; fileEncoding = 4; lastKnownFileType = sourcecode.c.h; path = LimitInput.h; sourceTree = "<group>"; };
		5A05EF531EE5311200F966FE /* LimitInput.m */ = {isa = PBXFileReference; fileEncoding = 4; lastKnownFileType = sourcecode.c.objc; path = LimitInput.m; sourceTree = "<group>"; };
		5A05EF541EE5311200F966FE /* RSAEncryptor.h */ = {isa = PBXFileReference; fileEncoding = 4; lastKnownFileType = sourcecode.c.h; path = RSAEncryptor.h; sourceTree = "<group>"; };
		5A05EF551EE5311200F966FE /* RSAEncryptor.m */ = {isa = PBXFileReference; fileEncoding = 4; lastKnownFileType = sourcecode.c.objc; path = RSAEncryptor.m; sourceTree = "<group>"; };
		5A05EF561EE5311200F966FE /* Tools.h */ = {isa = PBXFileReference; fileEncoding = 4; lastKnownFileType = sourcecode.c.h; path = Tools.h; sourceTree = "<group>"; };
		5A05EF571EE5311200F966FE /* Tools.m */ = {isa = PBXFileReference; fileEncoding = 4; lastKnownFileType = sourcecode.c.objc; path = Tools.m; sourceTree = "<group>"; };
		5A05EF581EE5311200F966FE /* UIAlertController+Blocks.h */ = {isa = PBXFileReference; fileEncoding = 4; lastKnownFileType = sourcecode.c.h; path = "UIAlertController+Blocks.h"; sourceTree = "<group>"; };
		5A05EF591EE5311200F966FE /* UIAlertController+Blocks.m */ = {isa = PBXFileReference; fileEncoding = 4; lastKnownFileType = sourcecode.c.objc; path = "UIAlertController+Blocks.m"; sourceTree = "<group>"; };
		5A05EF5A1EE5311200F966FE /* UIViewController+Tracking.h */ = {isa = PBXFileReference; fileEncoding = 4; lastKnownFileType = sourcecode.c.h; path = "UIViewController+Tracking.h"; sourceTree = "<group>"; };
		5A05EF5B1EE5311200F966FE /* UIViewController+Tracking.m */ = {isa = PBXFileReference; fileEncoding = 4; lastKnownFileType = sourcecode.c.objc; path = "UIViewController+Tracking.m"; sourceTree = "<group>"; };
		5A3388061ECB3B1600FA9DC4 /* README.md */ = {isa = PBXFileReference; fileEncoding = 4; lastKnownFileType = net.daringfireball.markdown; path = README.md; sourceTree = "<group>"; };
		5A462D9A1E8A396E004139A6 /* CoreData.framework */ = {isa = PBXFileReference; lastKnownFileType = wrapper.framework; name = CoreData.framework; path = System/Library/Frameworks/CoreData.framework; sourceTree = SDKROOT; };
		5A541CE61E9D31D600593F99 /* GCDMethods.h */ = {isa = PBXFileReference; fileEncoding = 4; lastKnownFileType = sourcecode.c.h; path = GCDMethods.h; sourceTree = "<group>"; };
		5A541CE71E9D31D600593F99 /* GCDMethods.m */ = {isa = PBXFileReference; fileEncoding = 4; lastKnownFileType = sourcecode.c.objc; path = GCDMethods.m; sourceTree = "<group>"; };
		5A541CE81E9D31D600593F99 /* GCDTableViewController.h */ = {isa = PBXFileReference; fileEncoding = 4; lastKnownFileType = sourcecode.c.h; path = GCDTableViewController.h; sourceTree = "<group>"; };
		5A541CE91E9D31D600593F99 /* GCDTableViewController.m */ = {isa = PBXFileReference; fileEncoding = 4; lastKnownFileType = sourcecode.c.objc; path = GCDTableViewController.m; sourceTree = "<group>"; };
		5A541CED1E9D31E500593F99 /* CopyViewController.h */ = {isa = PBXFileReference; fileEncoding = 4; lastKnownFileType = sourcecode.c.h; path = CopyViewController.h; sourceTree = "<group>"; };
		5A541CEE1E9D31E500593F99 /* CopyViewController.m */ = {isa = PBXFileReference; fileEncoding = 4; lastKnownFileType = sourcecode.c.objc; path = CopyViewController.m; sourceTree = "<group>"; };
		5A541CF01E9D31E500593F99 /* CoreDataManager.h */ = {isa = PBXFileReference; fileEncoding = 4; lastKnownFileType = sourcecode.c.h; path = CoreDataManager.h; sourceTree = "<group>"; };
		5A541CF11E9D31E500593F99 /* CoreDataManager.m */ = {isa = PBXFileReference; fileEncoding = 4; lastKnownFileType = sourcecode.c.objc; path = CoreDataManager.m; sourceTree = "<group>"; };
		5A541CF21E9D31E500593F99 /* CoreDataTableViewController.h */ = {isa = PBXFileReference; fileEncoding = 4; lastKnownFileType = sourcecode.c.h; path = CoreDataTableViewController.h; sourceTree = "<group>"; };
		5A541CF31E9D31E500593F99 /* CoreDataTableViewController.m */ = {isa = PBXFileReference; fileEncoding = 4; lastKnownFileType = sourcecode.c.objc; path = CoreDataTableViewController.m; sourceTree = "<group>"; };
		5A541CFA1E9D31E500593F99 /* TVDataSourceAndDelegate.h */ = {isa = PBXFileReference; fileEncoding = 4; lastKnownFileType = sourcecode.c.h; path = TVDataSourceAndDelegate.h; sourceTree = "<group>"; };
		5A541CFB1E9D31E500593F99 /* TVDataSourceAndDelegate.m */ = {isa = PBXFileReference; fileEncoding = 4; lastKnownFileType = sourcecode.c.objc; path = TVDataSourceAndDelegate.m; sourceTree = "<group>"; };
		5A541CFD1E9D31E500593F99 /* AFNetworkingOfflineResumeDownloadFileViewController.h */ = {isa = PBXFileReference; fileEncoding = 4; lastKnownFileType = sourcecode.c.h; path = AFNetworkingOfflineResumeDownloadFileViewController.h; sourceTree = "<group>"; };
		5A541CFE1E9D31E500593F99 /* AFNetworkingOfflineResumeDownloadFileViewController.m */ = {isa = PBXFileReference; fileEncoding = 4; lastKnownFileType = sourcecode.c.objc; path = AFNetworkingOfflineResumeDownloadFileViewController.m; sourceTree = "<group>"; };
		5A541CFF1E9D31E500593F99 /* FileDownloadTableViewController.h */ = {isa = PBXFileReference; fileEncoding = 4; lastKnownFileType = sourcecode.c.h; path = FileDownloadTableViewController.h; sourceTree = "<group>"; };
		5A541D001E9D31E500593F99 /* FileDownloadTableViewController.m */ = {isa = PBXFileReference; fileEncoding = 4; lastKnownFileType = sourcecode.c.objc; path = FileDownloadTableViewController.m; sourceTree = "<group>"; };
		5A541D011E9D31E500593F99 /* NSURLSessionBlockDownloadFileViewController.h.decrepated */ = {isa = PBXFileReference; fileEncoding = 4; lastKnownFileType = text; path = NSURLSessionBlockDownloadFileViewController.h.decrepated; sourceTree = "<group>"; };
		5A541D021E9D31E500593F99 /* NSURLSessionBlockDownloadFileViewController.m.decrepated */ = {isa = PBXFileReference; fileEncoding = 4; lastKnownFileType = text; path = NSURLSessionBlockDownloadFileViewController.m.decrepated; sourceTree = "<group>"; };
		5A541D031E9D31E500593F99 /* NSURLSessionDelegateDownloadFileViewController.h.decrepated */ = {isa = PBXFileReference; fileEncoding = 4; lastKnownFileType = text; path = NSURLSessionDelegateDownloadFileViewController.h.decrepated; sourceTree = "<group>"; };
		5A541D041E9D31E500593F99 /* NSURLSessionDelegateDownloadFileViewController.m.decrepated */ = {isa = PBXFileReference; fileEncoding = 4; lastKnownFileType = text; path = NSURLSessionDelegateDownloadFileViewController.m.decrepated; sourceTree = "<group>"; };
		5A541D051E9D31E500593F99 /* NSURLSessionOfflineResumeDownloadFileViewController.h */ = {isa = PBXFileReference; fileEncoding = 4; lastKnownFileType = sourcecode.c.h; path = NSURLSessionOfflineResumeDownloadFileViewController.h; sourceTree = "<group>"; };
		5A541D061E9D31E500593F99 /* NSURLSessionOfflineResumeDownloadFileViewController.m */ = {isa = PBXFileReference; fileEncoding = 4; lastKnownFileType = sourcecode.c.objc; path = NSURLSessionOfflineResumeDownloadFileViewController.m; sourceTree = "<group>"; };
		5A541D081E9D31E500593F99 /* Example1Controller.h */ = {isa = PBXFileReference; fileEncoding = 4; lastKnownFileType = sourcecode.c.h; path = Example1Controller.h; sourceTree = "<group>"; };
		5A541D091E9D31E500593F99 /* Example1Controller.m */ = {isa = PBXFileReference; fileEncoding = 4; lastKnownFileType = sourcecode.c.objc; path = Example1Controller.m; sourceTree = "<group>"; };
		5A541D0A1E9D31E500593F99 /* Example2Controller.h */ = {isa = PBXFileReference; fileEncoding = 4; lastKnownFileType = sourcecode.c.h; path = Example2Controller.h; sourceTree = "<group>"; };
		5A541D0B1E9D31E500593F99 /* Example2Controller.m */ = {isa = PBXFileReference; fileEncoding = 4; lastKnownFileType = sourcecode.c.objc; path = Example2Controller.m; sourceTree = "<group>"; };
		5A541D0C1E9D31E500593F99 /* Example3Controller.h */ = {isa = PBXFileReference; fileEncoding = 4; lastKnownFileType = sourcecode.c.h; path = Example3Controller.h; sourceTree = "<group>"; };
		5A541D0D1E9D31E500593F99 /* Example3Controller.m */ = {isa = PBXFileReference; fileEncoding = 4; lastKnownFileType = sourcecode.c.objc; path = Example3Controller.m; sourceTree = "<group>"; };
		5A541D0E1E9D31E500593F99 /* Example4Controller.h */ = {isa = PBXFileReference; fileEncoding = 4; lastKnownFileType = sourcecode.c.h; path = Example4Controller.h; sourceTree = "<group>"; };
		5A541D0F1E9D31E500593F99 /* Example4Controller.m */ = {isa = PBXFileReference; fileEncoding = 4; lastKnownFileType = sourcecode.c.objc; path = Example4Controller.m; sourceTree = "<group>"; };
		5A541D101E9D31E500593F99 /* Example5Controller.h */ = {isa = PBXFileReference; fileEncoding = 4; lastKnownFileType = sourcecode.c.h; path = Example5Controller.h; sourceTree = "<group>"; };
		5A541D111E9D31E500593F99 /* Example5Controller.m */ = {isa = PBXFileReference; fileEncoding = 4; lastKnownFileType = sourcecode.c.objc; path = Example5Controller.m; sourceTree = "<group>"; };
		5A541D121E9D31E500593F99 /* MasonryTabBarController.h */ = {isa = PBXFileReference; fileEncoding = 4; lastKnownFileType = sourcecode.c.h; path = MasonryTabBarController.h; sourceTree = "<group>"; };
		5A541D131E9D31E500593F99 /* MasonryTabBarController.m */ = {isa = PBXFileReference; fileEncoding = 4; lastKnownFileType = sourcecode.c.objc; path = MasonryTabBarController.m; sourceTree = "<group>"; };
		5A541D141E9D31E500593F99 /* UIView+LJC.h */ = {isa = PBXFileReference; fileEncoding = 4; lastKnownFileType = sourcecode.c.h; path = "UIView+LJC.h"; sourceTree = "<group>"; };
		5A541D151E9D31E500593F99 /* UIView+LJC.m */ = {isa = PBXFileReference; fileEncoding = 4; lastKnownFileType = sourcecode.c.objc; path = "UIView+LJC.m"; sourceTree = "<group>"; };
		5A541D1A1E9D31E500593F99 /* private_key.p12 */ = {isa = PBXFileReference; lastKnownFileType = file; path = private_key.p12; sourceTree = "<group>"; };
		5A541D1B1E9D31E500593F99 /* private_key.pem */ = {isa = PBXFileReference; fileEncoding = 4; lastKnownFileType = text; path = private_key.pem; sourceTree = "<group>"; };
		5A541D1C1E9D31E500593F99 /* public_key.der */ = {isa = PBXFileReference; lastKnownFileType = file; path = public_key.der; sourceTree = "<group>"; };
		5A541D1D1E9D31E500593F99 /* rsaCerReq.csr */ = {isa = PBXFileReference; fileEncoding = 4; lastKnownFileType = text; path = rsaCerReq.csr; sourceTree = "<group>"; };
		5A541D1E1E9D31E500593F99 /* rsaCert.crt */ = {isa = PBXFileReference; fileEncoding = 4; lastKnownFileType = text; path = rsaCert.crt; sourceTree = "<group>"; };
		5A541D1F1E9D31E500593F99 /* RSAViewController.h */ = {isa = PBXFileReference; fileEncoding = 4; lastKnownFileType = sourcecode.c.h; path = RSAViewController.h; sourceTree = "<group>"; };
		5A541D201E9D31E500593F99 /* RSAViewController.m */ = {isa = PBXFileReference; fileEncoding = 4; lastKnownFileType = sourcecode.c.objc; path = RSAViewController.m; sourceTree = "<group>"; };
		5A541D221E9D31E500593F99 /* RunLoopViewController.h */ = {isa = PBXFileReference; fileEncoding = 4; lastKnownFileType = sourcecode.c.h; path = RunLoopViewController.h; sourceTree = "<group>"; };
		5A541D231E9D31E500593F99 /* RunLoopViewController.m */ = {isa = PBXFileReference; fileEncoding = 4; lastKnownFileType = sourcecode.c.objc; path = RunLoopViewController.m; sourceTree = "<group>"; };
		5A541D4E1E9D320200593F99 /* AppDelegate.h */ = {isa = PBXFileReference; fileEncoding = 4; lastKnownFileType = sourcecode.c.h; name = AppDelegate.h; path = "ios-Note/AppDelegate.h"; sourceTree = SOURCE_ROOT; };
		5A541D4F1E9D320200593F99 /* AppDelegate.m */ = {isa = PBXFileReference; fileEncoding = 4; lastKnownFileType = sourcecode.c.objc; name = AppDelegate.m; path = "ios-Note/AppDelegate.m"; sourceTree = SOURCE_ROOT; };
		5A541D521E9D320200593F99 /* ViewController.h */ = {isa = PBXFileReference; fileEncoding = 4; lastKnownFileType = sourcecode.c.h; name = ViewController.h; path = "ios-Note/ViewController.h"; sourceTree = SOURCE_ROOT; };
		5A541D531E9D320200593F99 /* ViewController.m */ = {isa = PBXFileReference; fileEncoding = 4; lastKnownFileType = sourcecode.c.objc; name = ViewController.m; path = "ios-Note/ViewController.m"; sourceTree = SOURCE_ROOT; };
		5A541D581E9D321900593F99 /* Base */ = {isa = PBXFileReference; lastKnownFileType = file.storyboard; name = Base; path = "ios-Note/Base.lproj/LaunchScreen.storyboard"; sourceTree = SOURCE_ROOT; };
		5A541D5A1E9D321900593F99 /* Base */ = {isa = PBXFileReference; lastKnownFileType = file.storyboard; name = Base; path = "ios-Note/Base.lproj/Main.storyboard"; sourceTree = SOURCE_ROOT; };
		5A541D5D1E9D322300593F99 /* Assets.xcassets */ = {isa = PBXFileReference; lastKnownFileType = folder.assetcatalog; name = Assets.xcassets; path = "ios-Note/Assets.xcassets"; sourceTree = SOURCE_ROOT; };
		5A541D5F1E9D324000593F99 /* Info.plist */ = {isa = PBXFileReference; fileEncoding = 4; lastKnownFileType = text.plist.xml; name = Info.plist; path = "ios-Note/Info.plist"; sourceTree = SOURCE_ROOT; };
		5A541D611E9D325800593F99 /* main.m */ = {isa = PBXFileReference; fileEncoding = 4; lastKnownFileType = sourcecode.c.objc; name = main.m; path = "ios-Note/main.m"; sourceTree = SOURCE_ROOT; };
		5A541D621E9D325800593F99 /* ios-NotePrefix.pch */ = {isa = PBXFileReference; fileEncoding = 4; lastKnownFileType = sourcecode.c.h; name = "ios-NotePrefix.pch"; path = "ios-Note/ios-NotePrefix.pch"; sourceTree = SOURCE_ROOT; };
		5A541D641E9D408C00593F99 /* ios-Note.h */ = {isa = PBXFileReference; lastKnownFileType = sourcecode.c.h; path = "ios-Note.h"; sourceTree = SOURCE_ROOT; };
		5A541DEA1E9DCBDF00593F99 /* WaterFallViewController.h */ = {isa = PBXFileReference; fileEncoding = 4; lastKnownFileType = sourcecode.c.h; path = WaterFallViewController.h; sourceTree = "<group>"; };
		5A541DEB1E9DCBDF00593F99 /* WaterFallViewController.m */ = {isa = PBXFileReference; fileEncoding = 4; lastKnownFileType = sourcecode.c.objc; path = WaterFallViewController.m; sourceTree = "<group>"; };
		5A541DED1E9DCCA900593F99 /* WaterFallLayout.h */ = {isa = PBXFileReference; fileEncoding = 4; lastKnownFileType = sourcecode.c.h; path = WaterFallLayout.h; sourceTree = "<group>"; };
		5A541DEE1E9DCCA900593F99 /* WaterFallLayout.m */ = {isa = PBXFileReference; fileEncoding = 4; lastKnownFileType = sourcecode.c.objc; path = WaterFallLayout.m; sourceTree = "<group>"; };
		5A541DF01E9DCD3300593F99 /* WFImage.h */ = {isa = PBXFileReference; fileEncoding = 4; lastKnownFileType = sourcecode.c.h; path = WFImage.h; sourceTree = "<group>"; };
		5A541DF11E9DCD3300593F99 /* WFImage.m */ = {isa = PBXFileReference; fileEncoding = 4; lastKnownFileType = sourcecode.c.objc; path = WFImage.m; sourceTree = "<group>"; };
		5A541DF31E9DCFED00593F99 /* images.plist */ = {isa = PBXFileReference; fileEncoding = 4; lastKnownFileType = text.plist.xml; path = images.plist; sourceTree = "<group>"; };
		5A541DF51E9DF75700593F99 /* WFCollectionViewCell.h */ = {isa = PBXFileReference; fileEncoding = 4; lastKnownFileType = sourcecode.c.h; path = WFCollectionViewCell.h; sourceTree = "<group>"; };
		5A541DF61E9DF75700593F99 /* WFCollectionViewCell.m */ = {isa = PBXFileReference; fileEncoding = 4; lastKnownFileType = sourcecode.c.objc; path = WFCollectionViewCell.m; sourceTree = "<group>"; };
		5A541DFA1E9DFB7200593F99 /* icon@2x.png */ = {isa = PBXFileReference; lastKnownFileType = image.png; path = "icon@2x.png"; sourceTree = "<group>"; };
		5A541DFB1E9DFB7200593F99 /* icon@3x.png */ = {isa = PBXFileReference; lastKnownFileType = image.png; path = "icon@3x.png"; sourceTree = "<group>"; };
		5A541DFF1E9DFBE700593F99 /* ASyncURLConnection.h */ = {isa = PBXFileReference; fileEncoding = 4; lastKnownFileType = sourcecode.c.h; path = ASyncURLConnection.h; sourceTree = "<group>"; };
		5A541E001E9DFBE700593F99 /* ASyncURLConnection.m */ = {isa = PBXFileReference; fileEncoding = 4; lastKnownFileType = sourcecode.c.objc; path = ASyncURLConnection.m; sourceTree = "<group>"; };
		5A541E011E9DFBE700593F99 /* LSAlertController.h */ = {isa = PBXFileReference; fileEncoding = 4; lastKnownFileType = sourcecode.c.h; path = LSAlertController.h; sourceTree = "<group>"; };
		5A541E021E9DFBE700593F99 /* LSAlertController.m */ = {isa = PBXFileReference; fileEncoding = 4; lastKnownFileType = sourcecode.c.objc; path = LSAlertController.m; sourceTree = "<group>"; };
		5A541E0E1E9DFCB200593F99 /* img001.jpg */ = {isa = PBXFileReference; lastKnownFileType = image.jpeg; path = img001.jpg; sourceTree = "<group>"; };
		5A541E101E9DFDC500593F99 /* img002.jpg */ = {isa = PBXFileReference; lastKnownFileType = image.jpeg; path = img002.jpg; sourceTree = "<group>"; };
		5A77CB791ED7139500EE95BC /* OperationViewController.h */ = {isa = PBXFileReference; fileEncoding = 4; lastKnownFileType = sourcecode.c.h; path = OperationViewController.h; sourceTree = "<group>"; };
		5A77CB7A1ED7139500EE95BC /* OperationViewController.m */ = {isa = PBXFileReference; fileEncoding = 4; lastKnownFileType = sourcecode.c.objc; path = OperationViewController.m; sourceTree = "<group>"; };
		5A77CB7C1ED7190D00EE95BC /* AsyncOperation.h */ = {isa = PBXFileReference; fileEncoding = 4; lastKnownFileType = sourcecode.c.h; path = AsyncOperation.h; sourceTree = "<group>"; };
		5A77CB7D1ED7190D00EE95BC /* AsyncOperation.m */ = {isa = PBXFileReference; fileEncoding = 4; lastKnownFileType = sourcecode.c.objc; path = AsyncOperation.m; sourceTree = "<group>"; };
		5AA77A311EA9A09900052A77 /* CGContextAddCurveToPoint.png */ = {isa = PBXFileReference; lastKnownFileType = image.png; path = CGContextAddCurveToPoint.png; sourceTree = "<group>"; };
		5AA77A321EA9A09900052A77 /* CGContextAddQuadCurveToPoint.png */ = {isa = PBXFileReference; lastKnownFileType = image.png; path = CGContextAddQuadCurveToPoint.png; sourceTree = "<group>"; };
		5AA77A331EA9A09900052A77 /* CGContextObject.h */ = {isa = PBXFileReference; fileEncoding = 4; lastKnownFileType = sourcecode.c.h; path = CGContextObject.h; sourceTree = "<group>"; };
		5AA77A341EA9A09900052A77 /* CGContextObject.m */ = {isa = PBXFileReference; fileEncoding = 4; lastKnownFileType = sourcecode.c.objc; path = CGContextObject.m; sourceTree = "<group>"; };
		5AA77A351EA9A09900052A77 /* GradientColor.h */ = {isa = PBXFileReference; fileEncoding = 4; lastKnownFileType = sourcecode.c.h; path = GradientColor.h; sourceTree = "<group>"; };
		5AA77A361EA9A09900052A77 /* GradientColor.m */ = {isa = PBXFileReference; fileEncoding = 4; lastKnownFileType = sourcecode.c.objc; path = GradientColor.m; sourceTree = "<group>"; };
		5AA77A371EA9A09900052A77 /* KView.h */ = {isa = PBXFileReference; fileEncoding = 4; lastKnownFileType = sourcecode.c.h; path = KView.h; sourceTree = "<group>"; };
		5AA77A381EA9A09900052A77 /* KView.m */ = {isa = PBXFileReference; fileEncoding = 4; lastKnownFileType = sourcecode.c.objc; path = KView.m; sourceTree = "<group>"; };
		5AA77A391EA9A09900052A77 /* RedGradientColor.h */ = {isa = PBXFileReference; fileEncoding = 4; lastKnownFileType = sourcecode.c.h; path = RedGradientColor.h; sourceTree = "<group>"; };
		5AA77A3A1EA9A09900052A77 /* RedGradientColor.m */ = {isa = PBXFileReference; fileEncoding = 4; lastKnownFileType = sourcecode.c.objc; path = RedGradientColor.m; sourceTree = "<group>"; };
		5AA77A3B1EA9A09900052A77 /* RGBColor.h */ = {isa = PBXFileReference; fileEncoding = 4; lastKnownFileType = sourcecode.c.h; path = RGBColor.h; sourceTree = "<group>"; };
		5AA77A3C1EA9A09900052A77 /* RGBColor.m */ = {isa = PBXFileReference; fileEncoding = 4; lastKnownFileType = sourcecode.c.objc; path = RGBColor.m; sourceTree = "<group>"; };
		5AA77A3D1EA9A09900052A77 /* source@2x.png */ = {isa = PBXFileReference; lastKnownFileType = image.png; path = "source@2x.png"; sourceTree = "<group>"; };
		5AA77A461EA9A0D700052A77 /* CGContextViewController.h */ = {isa = PBXFileReference; fileEncoding = 4; lastKnownFileType = sourcecode.c.h; path = CGContextViewController.h; sourceTree = "<group>"; };
		5AA77A471EA9A0D700052A77 /* CGContextViewController.m */ = {isa = PBXFileReference; fileEncoding = 4; lastKnownFileType = sourcecode.c.objc; path = CGContextViewController.m; sourceTree = "<group>"; };
		5AB0A1461E8504B000105D17 /* ios-Note.app */ = {isa = PBXFileReference; explicitFileType = wrapper.application; includeInIndex = 0; path = "ios-Note.app"; sourceTree = BUILT_PRODUCTS_DIR; };
		5ABE13F41EBEBE61003A0A60 /* Model.xcdatamodel */ = {isa = PBXFileReference; lastKnownFileType = wrapper.xcdatamodel; path = Model.xcdatamodel; sourceTree = "<group>"; };
		5ABE13F61EBEBEA0003A0A60 /* Person+CoreDataClass.h */ = {isa = PBXFileReference; fileEncoding = 4; lastKnownFileType = sourcecode.c.h; path = "Person+CoreDataClass.h"; sourceTree = "<group>"; };
		5ABE13F71EBEBEA0003A0A60 /* Person+CoreDataClass.m */ = {isa = PBXFileReference; fileEncoding = 4; lastKnownFileType = sourcecode.c.objc; path = "Person+CoreDataClass.m"; sourceTree = "<group>"; };
		5ABE13F81EBEBEA0003A0A60 /* Person+CoreDataProperties.h */ = {isa = PBXFileReference; fileEncoding = 4; lastKnownFileType = sourcecode.c.h; path = "Person+CoreDataProperties.h"; sourceTree = "<group>"; };
		5ABE13F91EBEBEA0003A0A60 /* Person+CoreDataProperties.m */ = {isa = PBXFileReference; fileEncoding = 4; lastKnownFileType = sourcecode.c.objc; path = "Person+CoreDataProperties.m"; sourceTree = "<group>"; };
		5ACC2E571E9FAE010055B571 /* BlockViewController.h */ = {isa = PBXFileReference; fileEncoding = 4; lastKnownFileType = sourcecode.c.h; path = BlockViewController.h; sourceTree = "<group>"; };
		5ACC2E581E9FAE010055B571 /* BlockViewController.m */ = {isa = PBXFileReference; fileEncoding = 4; lastKnownFileType = sourcecode.c.objc; path = BlockViewController.m; sourceTree = "<group>"; };
		5AD5ADE91EB07B25001B93F5 /* ja */ = {isa = PBXFileReference; lastKnownFileType = text.plist.strings; name = ja; path = ja.lproj/Localizable.strings; sourceTree = "<group>"; };
		5AD5ADEA1EB07B36001B93F5 /* fr */ = {isa = PBXFileReference; lastKnownFileType = text.plist.strings; name = fr; path = fr.lproj/Localizable.strings; sourceTree = "<group>"; };
		5AD5ADEB1EB07BCD001B93F5 /* zh-Hans */ = {isa = PBXFileReference; lastKnownFileType = text.plist.strings; name = "zh-Hans"; path = "zh-Hans.lproj/Localizable.strings"; sourceTree = "<group>"; };
		5AFD36081EB0788600BD7F2A /* en */ = {isa = PBXFileReference; lastKnownFileType = text.plist.strings; name = en; path = en.lproj/Localizable.strings; sourceTree = "<group>"; };
		5AFD360A1EB0789D00BD7F2A /* Base */ = {isa = PBXFileReference; lastKnownFileType = text.plist.strings; name = Base; path = Base.lproj/Localizable.strings; sourceTree = "<group>"; };
		7BD6866C2788CEFE13D8DB2D /* libPods-ios-Note.a */ = {isa = PBXFileReference; explicitFileType = archive.ar; includeInIndex = 0; path = "libPods-ios-Note.a"; sourceTree = BUILT_PRODUCTS_DIR; };
		90EE8B43D0564E69C4B07747 /* Pods-ios-Note.release.xcconfig */ = {isa = PBXFileReference; includeInIndex = 1; lastKnownFileType = text.xcconfig; name = "Pods-ios-Note.release.xcconfig"; path = "Pods/Target Support Files/Pods-ios-Note/Pods-ios-Note.release.xcconfig"; sourceTree = "<group>"; };
/* End PBXFileReference section */

/* Begin PBXFrameworksBuildPhase section */
		5A05EF411EE530F600F966FE /* Frameworks */ = {
			isa = PBXFrameworksBuildPhase;
			buildActionMask = 2147483647;
			files = (
			);
			runOnlyForDeploymentPostprocessing = 0;
		};
		5AB0A1431E8504B000105D17 /* Frameworks */ = {
			isa = PBXFrameworksBuildPhase;
			buildActionMask = 2147483647;
			files = (
				5ACF84551EBEB98100C771D1 /* CoreData.framework in Frameworks */,
				5A05EF4C1EE530F600F966FE /* SLlibs.framework in Frameworks */,
				C321BB2804A3A580903231D4 /* libPods-ios-Note.a in Frameworks */,
			);
			runOnlyForDeploymentPostprocessing = 0;
		};
/* End PBXFrameworksBuildPhase section */

/* Begin PBXGroup section */
		5A05EF461EE530F600F966FE /* SLlibs */ = {
			isa = PBXGroup;
			children = (
				5A05EF511EE5311200F966FE /* Image.xcassets */,
				5A05EF521EE5311200F966FE /* LimitInput.h */,
				5A05EF531EE5311200F966FE /* LimitInput.m */,
				5A05EF541EE5311200F966FE /* RSAEncryptor.h */,
				5A05EF551EE5311200F966FE /* RSAEncryptor.m */,
				5A05EF561EE5311200F966FE /* Tools.h */,
				5A05EF571EE5311200F966FE /* Tools.m */,
				5A05EF581EE5311200F966FE /* UIAlertController+Blocks.h */,
				5A05EF591EE5311200F966FE /* UIAlertController+Blocks.m */,
				5A05EF5A1EE5311200F966FE /* UIViewController+Tracking.h */,
				5A05EF5B1EE5311200F966FE /* UIViewController+Tracking.m */,
				5A05EF471EE530F600F966FE /* SLlibs.h */,
				5A05EF481EE530F600F966FE /* Info.plist */,
			);
			path = SLlibs;
			sourceTree = "<group>";
		};
		5A3387F91ECB39CD00FA9DC4 /* Classes */ = {
			isa = PBXGroup;
			children = (
				5A3388061ECB3B1600FA9DC4 /* README.md */,
			);
			path = Classes;
			sourceTree = "<group>";
		};
		5A462D991E8A396E004139A6 /* Frameworks */ = {
			isa = PBXGroup;
			children = (
				5A462D9A1E8A396E004139A6 /* CoreData.framework */,
				7BD6866C2788CEFE13D8DB2D /* libPods-ios-Note.a */,
			);
			name = Frameworks;
			sourceTree = "<group>";
		};
		5A541CE51E9D31D600593F99 /* GCD */ = {
			isa = PBXGroup;
			children = (
				5A541CE61E9D31D600593F99 /* GCDMethods.h */,
				5A541CE71E9D31D600593F99 /* GCDMethods.m */,
				5A541CE81E9D31D600593F99 /* GCDTableViewController.h */,
				5A541CE91E9D31D600593F99 /* GCDTableViewController.m */,
			);
			name = GCD;
			path = "ios-Note/GCD";
			sourceTree = SOURCE_ROOT;
		};
		5A541CEC1E9D31E500593F99 /* Copy */ = {
			isa = PBXGroup;
			children = (
				5A541CED1E9D31E500593F99 /* CopyViewController.h */,
				5A541CEE1E9D31E500593F99 /* CopyViewController.m */,
			);
			name = Copy;
			path = "ios-Note/Copy";
			sourceTree = SOURCE_ROOT;
		};
		5A541CEF1E9D31E500593F99 /* CoreData */ = {
			isa = PBXGroup;
			children = (
				5A541CF01E9D31E500593F99 /* CoreDataManager.h */,
				5A541CF11E9D31E500593F99 /* CoreDataManager.m */,
				5A541CF21E9D31E500593F99 /* CoreDataTableViewController.h */,
				5A541CF31E9D31E500593F99 /* CoreDataTableViewController.m */,
				5A541CF41E9D31E500593F99 /* Model */,
			);
			name = CoreData;
			path = "ios-Note/CoreData";
			sourceTree = SOURCE_ROOT;
		};
		5A541CF41E9D31E500593F99 /* Model */ = {
			isa = PBXGroup;
			children = (
				5ABE13F61EBEBEA0003A0A60 /* Person+CoreDataClass.h */,
				5ABE13F71EBEBEA0003A0A60 /* Person+CoreDataClass.m */,
				5ABE13F81EBEBEA0003A0A60 /* Person+CoreDataProperties.h */,
				5ABE13F91EBEBEA0003A0A60 /* Person+CoreDataProperties.m */,
				5ABE13F31EBEBE61003A0A60 /* Model.xcdatamodeld */,
			);
			path = Model;
			sourceTree = "<group>";
		};
		5A541CF91E9D31E500593F99 /* Delegate */ = {
			isa = PBXGroup;
			children = (
				5A541CFA1E9D31E500593F99 /* TVDataSourceAndDelegate.h */,
				5A541CFB1E9D31E500593F99 /* TVDataSourceAndDelegate.m */,
			);
			name = Delegate;
			path = "ios-Note/Delegate";
			sourceTree = SOURCE_ROOT;
		};
		5A541CFC1E9D31E500593F99 /* FileDownload */ = {
			isa = PBXGroup;
			children = (
				5A541CFF1E9D31E500593F99 /* FileDownloadTableViewController.h */,
				5A541D001E9D31E500593F99 /* FileDownloadTableViewController.m */,
				5A541CFD1E9D31E500593F99 /* AFNetworkingOfflineResumeDownloadFileViewController.h */,
				5A541CFE1E9D31E500593F99 /* AFNetworkingOfflineResumeDownloadFileViewController.m */,
				5A541D051E9D31E500593F99 /* NSURLSessionOfflineResumeDownloadFileViewController.h */,
				5A541D061E9D31E500593F99 /* NSURLSessionOfflineResumeDownloadFileViewController.m */,
				5A541D011E9D31E500593F99 /* NSURLSessionBlockDownloadFileViewController.h.decrepated */,
				5A541D021E9D31E500593F99 /* NSURLSessionBlockDownloadFileViewController.m.decrepated */,
				5A541D031E9D31E500593F99 /* NSURLSessionDelegateDownloadFileViewController.h.decrepated */,
				5A541D041E9D31E500593F99 /* NSURLSessionDelegateDownloadFileViewController.m.decrepated */,
			);
			name = FileDownload;
			path = "ios-Note/FileDownload";
			sourceTree = SOURCE_ROOT;
		};
		5A541D071E9D31E500593F99 /* Masonry */ = {
			isa = PBXGroup;
			children = (
				5A541D081E9D31E500593F99 /* Example1Controller.h */,
				5A541D091E9D31E500593F99 /* Example1Controller.m */,
				5A541D0A1E9D31E500593F99 /* Example2Controller.h */,
				5A541D0B1E9D31E500593F99 /* Example2Controller.m */,
				5A541D0C1E9D31E500593F99 /* Example3Controller.h */,
				5A541D0D1E9D31E500593F99 /* Example3Controller.m */,
				5A541D0E1E9D31E500593F99 /* Example4Controller.h */,
				5A541D0F1E9D31E500593F99 /* Example4Controller.m */,
				5A541D101E9D31E500593F99 /* Example5Controller.h */,
				5A541D111E9D31E500593F99 /* Example5Controller.m */,
				5A541D121E9D31E500593F99 /* MasonryTabBarController.h */,
				5A541D131E9D31E500593F99 /* MasonryTabBarController.m */,
				5A541D141E9D31E500593F99 /* UIView+LJC.h */,
				5A541D151E9D31E500593F99 /* UIView+LJC.m */,
			);
			name = Masonry;
			path = "ios-Note/Masonry";
			sourceTree = SOURCE_ROOT;
		};
		5A541D161E9D31E500593F99 /* RSA */ = {
			isa = PBXGroup;
			children = (
				5A541D191E9D31E500593F99 /* RSAKeyFile */,
				5A541D1F1E9D31E500593F99 /* RSAViewController.h */,
				5A541D201E9D31E500593F99 /* RSAViewController.m */,
			);
			name = RSA;
			path = "ios-Note/RSA";
			sourceTree = SOURCE_ROOT;
		};
		5A541D191E9D31E500593F99 /* RSAKeyFile */ = {
			isa = PBXGroup;
			children = (
				5A541D1A1E9D31E500593F99 /* private_key.p12 */,
				5A541D1B1E9D31E500593F99 /* private_key.pem */,
				5A541D1C1E9D31E500593F99 /* public_key.der */,
				5A541D1D1E9D31E500593F99 /* rsaCerReq.csr */,
				5A541D1E1E9D31E500593F99 /* rsaCert.crt */,
			);
			path = RSAKeyFile;
			sourceTree = "<group>";
		};
		5A541D211E9D31E500593F99 /* RunLoop */ = {
			isa = PBXGroup;
			children = (
				5A541D221E9D31E500593F99 /* RunLoopViewController.h */,
				5A541D231E9D31E500593F99 /* RunLoopViewController.m */,
			);
			name = RunLoop;
			path = "ios-Note/RunLoop";
			sourceTree = SOURCE_ROOT;
		};
		5A541D661E9DC40000593F99 /* ios-Note */ = {
			isa = PBXGroup;
			children = (
				5A3387F91ECB39CD00FA9DC4 /* Classes */,
				5AA77A301EA9A09900052A77 /* CGContext */,
				5A541DFE1E9DFBE700593F99 /* tools */,
				5A541DF81E9DFB5100593F99 /* resource */,
				5A541DE91E9DCB9800593F99 /* WaterFall */,
				5A541CEC1E9D31E500593F99 /* Copy */,
				5A541CEF1E9D31E500593F99 /* CoreData */,
				5A541CF91E9D31E500593F99 /* Delegate */,
				5A541CFC1E9D31E500593F99 /* FileDownload */,
				5A541D071E9D31E500593F99 /* Masonry */,
				5A541D161E9D31E500593F99 /* RSA */,
				5A541D211E9D31E500593F99 /* RunLoop */,
				5A541CE51E9D31D600593F99 /* GCD */,
				5A541D5D1E9D322300593F99 /* Assets.xcassets */,
				5A541D571E9D321900593F99 /* LaunchScreen.storyboard */,
				5A541D591E9D321900593F99 /* Main.storyboard */,
				5A541D5F1E9D324000593F99 /* Info.plist */,
				5A541D4E1E9D320200593F99 /* AppDelegate.h */,
				5A541D4F1E9D320200593F99 /* AppDelegate.m */,
				5A541D521E9D320200593F99 /* ViewController.h */,
				5A541D531E9D320200593F99 /* ViewController.m */,
				5A77CB7F1ED78E3C00EE95BC /* AsyncOperation */,
				5ACC2E571E9FAE010055B571 /* BlockViewController.h */,
				5ACC2E581E9FAE010055B571 /* BlockViewController.m */,
				5AB0A1491E8504B000105D17 /* Supporting Files */,
				5A541D611E9D325800593F99 /* main.m */,
				5A541D621E9D325800593F99 /* ios-NotePrefix.pch */,
				5A541D641E9D408C00593F99 /* ios-Note.h */,
			);
			path = "ios-Note";
			sourceTree = "<group>";
		};
		5A541DE91E9DCB9800593F99 /* WaterFall */ = {
			isa = PBXGroup;
			children = (
				5A541DF31E9DCFED00593F99 /* images.plist */,
				5A541DEA1E9DCBDF00593F99 /* WaterFallViewController.h */,
				5A541DEB1E9DCBDF00593F99 /* WaterFallViewController.m */,
				5A541DED1E9DCCA900593F99 /* WaterFallLayout.h */,
				5A541DEE1E9DCCA900593F99 /* WaterFallLayout.m */,
				5A541DF51E9DF75700593F99 /* WFCollectionViewCell.h */,
				5A541DF61E9DF75700593F99 /* WFCollectionViewCell.m */,
				5A541DF01E9DCD3300593F99 /* WFImage.h */,
				5A541DF11E9DCD3300593F99 /* WFImage.m */,
			);
			path = WaterFall;
			sourceTree = "<group>";
		};
		5A541DF81E9DFB5100593F99 /* resource */ = {
			isa = PBXGroup;
			children = (
				5A541DF91E9DFB5100593F99 /* images */,
				5AFD36091EB0788600BD7F2A /* Localizable.strings */,
			);
			path = resource;
			sourceTree = "<group>";
		};
		5A541DF91E9DFB5100593F99 /* images */ = {
			isa = PBXGroup;
			children = (
				5A541E0E1E9DFCB200593F99 /* img001.jpg */,
				5A541E101E9DFDC500593F99 /* img002.jpg */,
				5A541DFA1E9DFB7200593F99 /* icon@2x.png */,
				5A541DFB1E9DFB7200593F99 /* icon@3x.png */,
			);
			path = images;
			sourceTree = "<group>";
		};
		5A541DFE1E9DFBE700593F99 /* tools */ = {
			isa = PBXGroup;
			children = (
				5A541DFF1E9DFBE700593F99 /* ASyncURLConnection.h */,
				5A541E001E9DFBE700593F99 /* ASyncURLConnection.m */,
				5A541E011E9DFBE700593F99 /* LSAlertController.h */,
				5A541E021E9DFBE700593F99 /* LSAlertController.m */,
			);
			path = tools;
			sourceTree = "<group>";
		};
		5A77CB7F1ED78E3C00EE95BC /* AsyncOperation */ = {
			isa = PBXGroup;
			children = (
				5A77CB791ED7139500EE95BC /* OperationViewController.h */,
				5A77CB7A1ED7139500EE95BC /* OperationViewController.m */,
				5A77CB7C1ED7190D00EE95BC /* AsyncOperation.h */,
				5A77CB7D1ED7190D00EE95BC /* AsyncOperation.m */,
			);
			name = AsyncOperation;
			sourceTree = "<group>";
		};
		5AA77A301EA9A09900052A77 /* CGContext */ = {
			isa = PBXGroup;
			children = (
				5AA77A311EA9A09900052A77 /* CGContextAddCurveToPoint.png */,
				5AA77A321EA9A09900052A77 /* CGContextAddQuadCurveToPoint.png */,
				5AA77A331EA9A09900052A77 /* CGContextObject.h */,
				5AA77A341EA9A09900052A77 /* CGContextObject.m */,
				5AA77A351EA9A09900052A77 /* GradientColor.h */,
				5AA77A361EA9A09900052A77 /* GradientColor.m */,
				5AA77A371EA9A09900052A77 /* KView.h */,
				5AA77A381EA9A09900052A77 /* KView.m */,
				5AA77A391EA9A09900052A77 /* RedGradientColor.h */,
				5AA77A3A1EA9A09900052A77 /* RedGradientColor.m */,
				5AA77A3B1EA9A09900052A77 /* RGBColor.h */,
				5AA77A3C1EA9A09900052A77 /* RGBColor.m */,
				5AA77A3D1EA9A09900052A77 /* source@2x.png */,
				5AA77A461EA9A0D700052A77 /* CGContextViewController.h */,
				5AA77A471EA9A0D700052A77 /* CGContextViewController.m */,
			);
			path = CGContext;
			sourceTree = "<group>";
		};
		5AB0A13D1E8504B000105D17 = {
			isa = PBXGroup;
			children = (
				5A541D661E9DC40000593F99 /* ios-Note */,
				5A05EF461EE530F600F966FE /* SLlibs */,
				5AB0A1471E8504B000105D17 /* Products */,
				5A462D991E8A396E004139A6 /* Frameworks */,
				F8D8FEAFD4DCE8ADDA6215D7 /* Pods */,
			);
			sourceTree = "<group>";
		};
		5AB0A1471E8504B000105D17 /* Products */ = {
			isa = PBXGroup;
			children = (
				5AB0A1461E8504B000105D17 /* ios-Note.app */,
				5A05EF451EE530F600F966FE /* SLlibs.framework */,
			);
			name = Products;
			sourceTree = "<group>";
		};
		5AB0A1491E8504B000105D17 /* Supporting Files */ = {
			isa = PBXGroup;
			children = (
			);
			name = "Supporting Files";
			path = ../Note;
			sourceTree = "<group>";
		};
		F8D8FEAFD4DCE8ADDA6215D7 /* Pods */ = {
			isa = PBXGroup;
			children = (
				357077015DA772438C9DC151 /* Pods-ios-Note.debug.xcconfig */,
				90EE8B43D0564E69C4B07747 /* Pods-ios-Note.release.xcconfig */,
			);
			name = Pods;
			sourceTree = "<group>";
		};
/* End PBXGroup section */

/* Begin PBXHeadersBuildPhase section */
		5A05EF421EE530F600F966FE /* Headers */ = {
			isa = PBXHeadersBuildPhase;
			buildActionMask = 2147483647;
			files = (
				5A05EF631EE5311200F966FE /* UIAlertController+Blocks.h in Headers */,
				5A05EF491EE530F600F966FE /* SLlibs.h in Headers */,
				5A05EF5F1EE5311200F966FE /* RSAEncryptor.h in Headers */,
				5A05EF611EE5311200F966FE /* Tools.h in Headers */,
				5A05EF651EE5311200F966FE /* UIViewController+Tracking.h in Headers */,
				5A05EF5D1EE5311200F966FE /* LimitInput.h in Headers */,
			);
			runOnlyForDeploymentPostprocessing = 0;
		};
/* End PBXHeadersBuildPhase section */

/* Begin PBXNativeTarget section */
		5A05EF441EE530F600F966FE /* SLlibs */ = {
			isa = PBXNativeTarget;
			buildConfigurationList = 5A05EF4E1EE530F600F966FE /* Build configuration list for PBXNativeTarget "SLlibs" */;
			buildPhases = (
				5A05EF401EE530F600F966FE /* Sources */,
				5A05EF411EE530F600F966FE /* Frameworks */,
				5A05EF421EE530F600F966FE /* Headers */,
				5A05EF431EE530F600F966FE /* Resources */,
			);
			buildRules = (
			);
			dependencies = (
			);
			name = SLlibs;
			productName = SLlibs;
			productReference = 5A05EF451EE530F600F966FE /* SLlibs.framework */;
			productType = "com.apple.product-type.framework";
		};
		5AB0A1451E8504B000105D17 /* ios-Note */ = {
			isa = PBXNativeTarget;
			buildConfigurationList = 5AB0A15D1E8504B000105D17 /* Build configuration list for PBXNativeTarget "ios-Note" */;
			buildPhases = (
				8C24B2C27521F71F2A01C251 /* [CP] Check Pods Manifest.lock */,
				5AB0A1421E8504B000105D17 /* Sources */,
				5AB0A1431E8504B000105D17 /* Frameworks */,
				5AB0A1441E8504B000105D17 /* Resources */,
				DA65D14B04BAF5952EBE2647 /* [CP] Embed Pods Frameworks */,
				05244DAD9F64CEF6B54E3335 /* [CP] Copy Pods Resources */,
				5A05EF181EE5297600F966FE /* Embed Frameworks */,
			);
			buildRules = (
			);
			dependencies = (
				5A05EF4B1EE530F600F966FE /* PBXTargetDependency */,
			);
			name = "ios-Note";
			productName = Note;
			productReference = 5AB0A1461E8504B000105D17 /* ios-Note.app */;
			productType = "com.apple.product-type.application";
		};
/* End PBXNativeTarget section */

/* Begin PBXProject section */
		5AB0A13E1E8504B000105D17 /* Project object */ = {
			isa = PBXProject;
			attributes = {
				LastUpgradeCheck = 0820;
				ORGANIZATIONNAME = Sam;
				TargetAttributes = {
					5A05EF441EE530F600F966FE = {
						CreatedOnToolsVersion = 8.3.2;
						DevelopmentTeam = 5P7X92RVXH;
						ProvisioningStyle = Automatic;
					};
					5AB0A1451E8504B000105D17 = {
						CreatedOnToolsVersion = 8.2.1;
						DevelopmentTeam = 5P7X92RVXH;
						ProvisioningStyle = Automatic;
					};
				};
			};
			buildConfigurationList = 5AB0A1411E8504B000105D17 /* Build configuration list for PBXProject "ios-Note" */;
			compatibilityVersion = "Xcode 3.2";
			developmentRegion = English;
			hasScannedForEncodings = 0;
			knownRegions = (
				en,
				Base,
				ja,
				fr,
				"zh-Hans",
			);
			mainGroup = 5AB0A13D1E8504B000105D17;
			productRefGroup = 5AB0A1471E8504B000105D17 /* Products */;
			projectDirPath = "";
			projectRoot = "";
			targets = (
				5AB0A1451E8504B000105D17 /* ios-Note */,
				5A05EF441EE530F600F966FE /* SLlibs */,
			);
		};
/* End PBXProject section */

/* Begin PBXResourcesBuildPhase section */
		5A05EF431EE530F600F966FE /* Resources */ = {
			isa = PBXResourcesBuildPhase;
			buildActionMask = 2147483647;
			files = (
				5A05EF5C1EE5311200F966FE /* Image.xcassets in Resources */,
			);
			runOnlyForDeploymentPostprocessing = 0;
		};
		5AB0A1441E8504B000105D17 /* Resources */ = {
			isa = PBXResourcesBuildPhase;
			buildActionMask = 2147483647;
			files = (
				5AA77A3F1EA9A09900052A77 /* CGContextAddQuadCurveToPoint.png in Resources */,
				5A541DF41E9DCFED00593F99 /* images.plist in Resources */,
				5A541E0F1E9DFCB200593F99 /* img001.jpg in Resources */,
				5A541D451E9D31E500593F99 /* rsaCerReq.csr in Resources */,
				5A541DFD1E9DFB7200593F99 /* icon@3x.png in Resources */,
				5A541D431E9D31E500593F99 /* private_key.pem in Resources */,
				5A541D601E9D324000593F99 /* Info.plist in Resources */,
				5A541D441E9D31E500593F99 /* public_key.der in Resources */,
				5A541D5C1E9D321900593F99 /* Main.storyboard in Resources */,
				5A541D5B1E9D321900593F99 /* LaunchScreen.storyboard in Resources */,
				5A541D461E9D31E500593F99 /* rsaCert.crt in Resources */,
				5AA77A3E1EA9A09900052A77 /* CGContextAddCurveToPoint.png in Resources */,
				5AFD36071EB0788600BD7F2A /* Localizable.strings in Resources */,
				5A541E111E9DFDC500593F99 /* img002.jpg in Resources */,
				5A541D5E1E9D322300593F99 /* Assets.xcassets in Resources */,
				5A541D421E9D31E500593F99 /* private_key.p12 in Resources */,
				5A541DFC1E9DFB7200593F99 /* icon@2x.png in Resources */,
			);
			runOnlyForDeploymentPostprocessing = 0;
		};
/* End PBXResourcesBuildPhase section */

/* Begin PBXShellScriptBuildPhase section */
		05244DAD9F64CEF6B54E3335 /* [CP] Copy Pods Resources */ = {
			isa = PBXShellScriptBuildPhase;
			buildActionMask = 2147483647;
			files = (
			);
			inputPaths = (
			);
			name = "[CP] Copy Pods Resources";
			outputPaths = (
			);
			runOnlyForDeploymentPostprocessing = 0;
			shellPath = /bin/sh;
			shellScript = "\"${SRCROOT}/Pods/Target Support Files/Pods-ios-Note/Pods-ios-Note-resources.sh\"\n";
			showEnvVarsInLog = 0;
		};
		8C24B2C27521F71F2A01C251 /* [CP] Check Pods Manifest.lock */ = {
			isa = PBXShellScriptBuildPhase;
			buildActionMask = 2147483647;
			files = (
			);
			inputPaths = (
			);
			name = "[CP] Check Pods Manifest.lock";
			outputPaths = (
			);
			runOnlyForDeploymentPostprocessing = 0;
			shellPath = /bin/sh;
			shellScript = "diff \"${PODS_PODFILE_DIR_PATH}/Podfile.lock\" \"${PODS_ROOT}/Manifest.lock\" > /dev/null\nif [ $? != 0 ] ; then\n    # print error to STDERR\n    echo \"error: The sandbox is not in sync with the Podfile.lock. Run 'pod install' or update your CocoaPods installation.\" >&2\n    exit 1\nfi\n";
			showEnvVarsInLog = 0;
		};
		DA65D14B04BAF5952EBE2647 /* [CP] Embed Pods Frameworks */ = {
			isa = PBXShellScriptBuildPhase;
			buildActionMask = 2147483647;
			files = (
			);
			inputPaths = (
			);
			name = "[CP] Embed Pods Frameworks";
			outputPaths = (
			);
			runOnlyForDeploymentPostprocessing = 0;
			shellPath = /bin/sh;
			shellScript = "\"${SRCROOT}/Pods/Target Support Files/Pods-ios-Note/Pods-ios-Note-frameworks.sh\"\n";
			showEnvVarsInLog = 0;
		};
/* End PBXShellScriptBuildPhase section */

/* Begin PBXSourcesBuildPhase section */
		5A05EF401EE530F600F966FE /* Sources */ = {
			isa = PBXSourcesBuildPhase;
			buildActionMask = 2147483647;
			files = (
				5A05EF661EE5311200F966FE /* UIViewController+Tracking.m in Sources */,
				5A05EF641EE5311200F966FE /* UIAlertController+Blocks.m in Sources */,
				5A05EF621EE5311200F966FE /* Tools.m in Sources */,
				5A05EF5E1EE5311200F966FE /* LimitInput.m in Sources */,
				5A05EF601EE5311200F966FE /* RSAEncryptor.m in Sources */,
			);
			runOnlyForDeploymentPostprocessing = 0;
		};
		5AB0A1421E8504B000105D17 /* Sources */ = {
			isa = PBXSourcesBuildPhase;
			buildActionMask = 2147483647;
			files = (
				5AA77A401EA9A09900052A77 /* CGContextObject.m in Sources */,
				5A541DEF1E9DCCA900593F99 /* WaterFallLayout.m in Sources */,
				5A77CB7E1ED7190D00EE95BC /* AsyncOperation.m in Sources */,
				5A541D3A1E9D31E500593F99 /* Example1Controller.m in Sources */,
				5A541DF71E9DF75700593F99 /* WFCollectionViewCell.m in Sources */,
				5A541D3E1E9D31E500593F99 /* Example5Controller.m in Sources */,
				5AA77A411EA9A09900052A77 /* GradientColor.m in Sources */,
				5A541D3C1E9D31E500593F99 /* Example3Controller.m in Sources */,
				5A541D471E9D31E500593F99 /* RSAViewController.m in Sources */,
				5A541E091E9DFBE700593F99 /* ASyncURLConnection.m in Sources */,
				5AA77A421EA9A09900052A77 /* KView.m in Sources */,
				5A541D631E9D325800593F99 /* main.m in Sources */,
				5A541E0A1E9DFBE700593F99 /* LSAlertController.m in Sources */,
				5A541D311E9D31E500593F99 /* CoreDataTableViewController.m in Sources */,
				5A541D481E9D31E500593F99 /* RunLoopViewController.m in Sources */,
				5A541DF21E9DCD3300593F99 /* WFImage.m in Sources */,
				5ABE13F51EBEBE61003A0A60 /* Model.xcdatamodeld in Sources */,
				5A541D301E9D31E500593F99 /* CoreDataManager.m in Sources */,
				5A541D561E9D320200593F99 /* ViewController.m in Sources */,
				5AA77A481EA9A0D700052A77 /* CGContextViewController.m in Sources */,
				5A3388071ECB3B1600FA9DC4 /* README.md in Sources */,
				5A541D371E9D31E500593F99 /* NSURLSessionBlockDownloadFileViewController.m.decrepated in Sources */,
				5AA77A441EA9A09900052A77 /* RGBColor.m in Sources */,
				5A541D381E9D31E500593F99 /* NSURLSessionDelegateDownloadFileViewController.m.decrepated in Sources */,
				5A541D541E9D320200593F99 /* AppDelegate.m in Sources */,
				5A541D351E9D31E500593F99 /* AFNetworkingOfflineResumeDownloadFileViewController.m in Sources */,
				5A541D2F1E9D31E500593F99 /* CopyViewController.m in Sources */,
				5ACC2E591E9FAE010055B571 /* BlockViewController.m in Sources */,
				5A541D391E9D31E500593F99 /* NSURLSessionOfflineResumeDownloadFileViewController.m in Sources */,
				5A541CEB1E9D31D600593F99 /* GCDTableViewController.m in Sources */,
				5A541DEC1E9DCBDF00593F99 /* WaterFallViewController.m in Sources */,
				5A541D3F1E9D31E500593F99 /* MasonryTabBarController.m in Sources */,
				5A77CB7B1ED7139500EE95BC /* OperationViewController.m in Sources */,
				5A541D3D1E9D31E500593F99 /* Example4Controller.m in Sources */,
				5A541CEA1E9D31D600593F99 /* GCDMethods.m in Sources */,
				5A541D401E9D31E500593F99 /* UIView+LJC.m in Sources */,
				5A541D3B1E9D31E500593F99 /* Example2Controller.m in Sources */,
				5AA77A431EA9A09900052A77 /* RedGradientColor.m in Sources */,
				5A541D341E9D31E500593F99 /* TVDataSourceAndDelegate.m in Sources */,
				5A541D361E9D31E500593F99 /* FileDownloadTableViewController.m in Sources */,
			);
			runOnlyForDeploymentPostprocessing = 0;
		};
/* End PBXSourcesBuildPhase section */

/* Begin PBXTargetDependency section */
		5A05EF4B1EE530F600F966FE /* PBXTargetDependency */ = {
			isa = PBXTargetDependency;
			target = 5A05EF441EE530F600F966FE /* SLlibs */;
			targetProxy = 5A05EF4A1EE530F600F966FE /* PBXContainerItemProxy */;
		};
/* End PBXTargetDependency section */

/* Begin PBXVariantGroup section */
		5A541D571E9D321900593F99 /* LaunchScreen.storyboard */ = {
			isa = PBXVariantGroup;
			children = (
				5A541D581E9D321900593F99 /* Base */,
			);
			name = LaunchScreen.storyboard;
			path = ../Note;
			sourceTree = "<group>";
		};
		5A541D591E9D321900593F99 /* Main.storyboard */ = {
			isa = PBXVariantGroup;
			children = (
				5A541D5A1E9D321900593F99 /* Base */,
			);
			name = Main.storyboard;
			path = ../Note;
			sourceTree = "<group>";
		};
		5AFD36091EB0788600BD7F2A /* Localizable.strings */ = {
			isa = PBXVariantGroup;
			children = (
				5AFD36081EB0788600BD7F2A /* en */,
				5AFD360A1EB0789D00BD7F2A /* Base */,
				5AD5ADE91EB07B25001B93F5 /* ja */,
				5AD5ADEA1EB07B36001B93F5 /* fr */,
				5AD5ADEB1EB07BCD001B93F5 /* zh-Hans */,
			);
			name = Localizable.strings;
			sourceTree = "<group>";
		};
/* End PBXVariantGroup section */

/* Begin XCBuildConfiguration section */
		5A05EF4F1EE530F600F966FE /* Debug */ = {
			isa = XCBuildConfiguration;
			buildSettings = {
				CLANG_ANALYZER_NUMBER_OBJECT_CONVERSION = YES_AGGRESSIVE;
				CODE_SIGN_IDENTITY = "iPhone Developer";
				CURRENT_PROJECT_VERSION = 1;
				DEFINES_MODULE = YES;
				DEVELOPMENT_TEAM = 5P7X92RVXH;
				DYLIB_COMPATIBILITY_VERSION = 1;
				DYLIB_CURRENT_VERSION = 1;
				DYLIB_INSTALL_NAME_BASE = "@rpath";
				INFOPLIST_FILE = SLlibs/Info.plist;
				INSTALL_PATH = "$(LOCAL_LIBRARY_DIR)/Frameworks";
				IPHONEOS_DEPLOYMENT_TARGET = 10.3;
				LD_RUNPATH_SEARCH_PATHS = "$(inherited) @executable_path/Frameworks @loader_path/Frameworks";
				PRODUCT_BUNDLE_IDENTIFIER = com.sl.liu.SLlibs;
				PRODUCT_NAME = "$(TARGET_NAME)";
				SKIP_INSTALL = YES;
				TARGETED_DEVICE_FAMILY = "1,2";
				VERSIONING_SYSTEM = "apple-generic";
				VERSION_INFO_PREFIX = "";
			};
			name = Debug;
		};
		5A05EF501EE530F600F966FE /* Release */ = {
			isa = XCBuildConfiguration;
			buildSettings = {
				CLANG_ANALYZER_NUMBER_OBJECT_CONVERSION = YES_AGGRESSIVE;
				CODE_SIGN_IDENTITY = "iPhone Developer";
				CURRENT_PROJECT_VERSION = 1;
				DEFINES_MODULE = YES;
				DEVELOPMENT_TEAM = 5P7X92RVXH;
				DYLIB_COMPATIBILITY_VERSION = 1;
				DYLIB_CURRENT_VERSION = 1;
				DYLIB_INSTALL_NAME_BASE = "@rpath";
				INFOPLIST_FILE = SLlibs/Info.plist;
				INSTALL_PATH = "$(LOCAL_LIBRARY_DIR)/Frameworks";
				IPHONEOS_DEPLOYMENT_TARGET = 10.3;
				LD_RUNPATH_SEARCH_PATHS = "$(inherited) @executable_path/Frameworks @loader_path/Frameworks";
				PRODUCT_BUNDLE_IDENTIFIER = com.sl.liu.SLlibs;
				PRODUCT_NAME = "$(TARGET_NAME)";
				SKIP_INSTALL = YES;
				TARGETED_DEVICE_FAMILY = "1,2";
				VERSIONING_SYSTEM = "apple-generic";
				VERSION_INFO_PREFIX = "";
			};
			name = Release;
		};
		5AB0A15B1E8504B000105D17 /* Debug */ = {
			isa = XCBuildConfiguration;
			buildSettings = {
				ALWAYS_SEARCH_USER_PATHS = NO;
				CLANG_ANALYZER_LOCALIZABILITY_NONLOCALIZED = YES;
				CLANG_ANALYZER_NONNULL = YES;
				CLANG_CXX_LANGUAGE_STANDARD = "gnu++0x";
				CLANG_CXX_LIBRARY = "libc++";
				CLANG_ENABLE_MODULES = YES;
				CLANG_ENABLE_OBJC_ARC = YES;
				CLANG_WARN_BOOL_CONVERSION = YES;
				CLANG_WARN_CONSTANT_CONVERSION = YES;
				CLANG_WARN_DIRECT_OBJC_ISA_USAGE = YES_ERROR;
				CLANG_WARN_DOCUMENTATION_COMMENTS = YES;
				CLANG_WARN_EMPTY_BODY = YES;
				CLANG_WARN_ENUM_CONVERSION = YES;
				CLANG_WARN_INFINITE_RECURSION = YES;
				CLANG_WARN_INT_CONVERSION = YES;
				CLANG_WARN_OBJC_ROOT_CLASS = YES_ERROR;
				CLANG_WARN_SUSPICIOUS_MOVE = YES;
				CLANG_WARN_UNREACHABLE_CODE = YES;
				CLANG_WARN__DUPLICATE_METHOD_MATCH = YES;
				"CODE_SIGN_IDENTITY[sdk=iphoneos*]" = "iPhone Developer";
				COPY_PHASE_STRIP = NO;
				DEBUG_INFORMATION_FORMAT = dwarf;
				ENABLE_STRICT_OBJC_MSGSEND = YES;
				ENABLE_TESTABILITY = YES;
				GCC_C_LANGUAGE_STANDARD = gnu99;
				GCC_DYNAMIC_NO_PIC = NO;
				GCC_NO_COMMON_BLOCKS = YES;
				GCC_OPTIMIZATION_LEVEL = 0;
				GCC_PREPROCESSOR_DEFINITIONS = (
					"DEBUG=1",
					"$(inherited)",
				);
				GCC_WARN_64_TO_32_BIT_CONVERSION = YES;
				GCC_WARN_ABOUT_RETURN_TYPE = YES_ERROR;
				GCC_WARN_UNDECLARED_SELECTOR = YES;
				GCC_WARN_UNINITIALIZED_AUTOS = YES_AGGRESSIVE;
				GCC_WARN_UNUSED_FUNCTION = YES;
				GCC_WARN_UNUSED_VARIABLE = YES;
				IPHONEOS_DEPLOYMENT_TARGET = 10.2;
				MTL_ENABLE_DEBUG_INFO = YES;
				ONLY_ACTIVE_ARCH = YES;
				SDKROOT = iphoneos;
			};
			name = Debug;
		};
		5AB0A15C1E8504B000105D17 /* Release */ = {
			isa = XCBuildConfiguration;
			buildSettings = {
				ALWAYS_SEARCH_USER_PATHS = NO;
				CLANG_ANALYZER_LOCALIZABILITY_NONLOCALIZED = YES;
				CLANG_ANALYZER_NONNULL = YES;
				CLANG_CXX_LANGUAGE_STANDARD = "gnu++0x";
				CLANG_CXX_LIBRARY = "libc++";
				CLANG_ENABLE_MODULES = YES;
				CLANG_ENABLE_OBJC_ARC = YES;
				CLANG_WARN_BOOL_CONVERSION = YES;
				CLANG_WARN_CONSTANT_CONVERSION = YES;
				CLANG_WARN_DIRECT_OBJC_ISA_USAGE = YES_ERROR;
				CLANG_WARN_DOCUMENTATION_COMMENTS = YES;
				CLANG_WARN_EMPTY_BODY = YES;
				CLANG_WARN_ENUM_CONVERSION = YES;
				CLANG_WARN_INFINITE_RECURSION = YES;
				CLANG_WARN_INT_CONVERSION = YES;
				CLANG_WARN_OBJC_ROOT_CLASS = YES_ERROR;
				CLANG_WARN_SUSPICIOUS_MOVE = YES;
				CLANG_WARN_UNREACHABLE_CODE = YES;
				CLANG_WARN__DUPLICATE_METHOD_MATCH = YES;
				"CODE_SIGN_IDENTITY[sdk=iphoneos*]" = "iPhone Developer";
				COPY_PHASE_STRIP = NO;
				DEBUG_INFORMATION_FORMAT = "dwarf-with-dsym";
				ENABLE_NS_ASSERTIONS = NO;
				ENABLE_STRICT_OBJC_MSGSEND = YES;
				GCC_C_LANGUAGE_STANDARD = gnu99;
				GCC_NO_COMMON_BLOCKS = YES;
				GCC_WARN_64_TO_32_BIT_CONVERSION = YES;
				GCC_WARN_ABOUT_RETURN_TYPE = YES_ERROR;
				GCC_WARN_UNDECLARED_SELECTOR = YES;
				GCC_WARN_UNINITIALIZED_AUTOS = YES_AGGRESSIVE;
				GCC_WARN_UNUSED_FUNCTION = YES;
				GCC_WARN_UNUSED_VARIABLE = YES;
				IPHONEOS_DEPLOYMENT_TARGET = 10.2;
				MTL_ENABLE_DEBUG_INFO = NO;
				SDKROOT = iphoneos;
				VALIDATE_PRODUCT = YES;
			};
			name = Release;
		};
		5AB0A15E1E8504B000105D17 /* Debug */ = {
			isa = XCBuildConfiguration;
			baseConfigurationReference = 357077015DA772438C9DC151 /* Pods-ios-Note.debug.xcconfig */;
			buildSettings = {
				ASSETCATALOG_COMPILER_APPICON_NAME = AppIcon;
				CLANG_STATIC_ANALYZER_MODE = shallow;
				CODE_SIGN_IDENTITY = "iPhone Developer";
				DEVELOPMENT_TEAM = 5P7X92RVXH;
				GCC_PREFIX_HEADER = "ios-Note/ios-NotePrefix.pch";
				INFOPLIST_FILE = "ios-Note/Info.plist";
				IPHONEOS_DEPLOYMENT_TARGET = 8.0;
				LD_RUNPATH_SEARCH_PATHS = "$(inherited) @executable_path/Frameworks";
				MACH_O_TYPE = mh_execute;
				PRODUCT_BUNDLE_IDENTIFIER = com.aia.test;
				PRODUCT_NAME = "$(TARGET_NAME)";
				RUN_CLANG_STATIC_ANALYZER = NO;
			};
			name = Debug;
		};
		5AB0A15F1E8504B000105D17 /* Release */ = {
			isa = XCBuildConfiguration;
			baseConfigurationReference = 90EE8B43D0564E69C4B07747 /* Pods-ios-Note.release.xcconfig */;
			buildSettings = {
				ASSETCATALOG_COMPILER_APPICON_NAME = AppIcon;
				CLANG_STATIC_ANALYZER_MODE = shallow;
				CODE_SIGN_IDENTITY = "iPhone Developer";
				DEVELOPMENT_TEAM = 5P7X92RVXH;
				GCC_PREFIX_HEADER = "ios-Note/ios-NotePrefix.pch";
				INFOPLIST_FILE = "ios-Note/Info.plist";
				IPHONEOS_DEPLOYMENT_TARGET = 8.0;
				LD_RUNPATH_SEARCH_PATHS = "$(inherited) @executable_path/Frameworks";
				MACH_O_TYPE = mh_execute;
				PRODUCT_BUNDLE_IDENTIFIER = com.aia.test;
				PRODUCT_NAME = "$(TARGET_NAME)";
				RUN_CLANG_STATIC_ANALYZER = NO;
			};
			name = Release;
		};
/* End XCBuildConfiguration section */

/* Begin XCConfigurationList section */
		5A05EF4E1EE530F600F966FE /* Build configuration list for PBXNativeTarget "SLlibs" */ = {
			isa = XCConfigurationList;
			buildConfigurations = (
				5A05EF4F1EE530F600F966FE /* Debug */,
				5A05EF501EE530F600F966FE /* Release */,
			);
			defaultConfigurationIsVisible = 0;
		};
		5AB0A1411E8504B000105D17 /* Build configuration list for PBXProject "ios-Note" */ = {
			isa = XCConfigurationList;
			buildConfigurations = (
				5AB0A15B1E8504B000105D17 /* Debug */,
				5AB0A15C1E8504B000105D17 /* Release */,
			);
			defaultConfigurationIsVisible = 0;
			defaultConfigurationName = Release;
		};
		5AB0A15D1E8504B000105D17 /* Build configuration list for PBXNativeTarget "ios-Note" */ = {
			isa = XCConfigurationList;
			buildConfigurations = (
				5AB0A15E1E8504B000105D17 /* Debug */,
				5AB0A15F1E8504B000105D17 /* Release */,
			);
			defaultConfigurationIsVisible = 0;
			defaultConfigurationName = Release;
		};
/* End XCConfigurationList section */

/* Begin XCVersionGroup section */
		5ABE13F31EBEBE61003A0A60 /* Model.xcdatamodeld */ = {
			isa = XCVersionGroup;
			children = (
				5ABE13F41EBEBE61003A0A60 /* Model.xcdatamodel */,
			);
			currentVersion = 5ABE13F41EBEBE61003A0A60 /* Model.xcdatamodel */;
			path = Model.xcdatamodeld;
			sourceTree = "<group>";
			versionGroupType = wrapper.xcdatamodel;
		};
/* End XCVersionGroup section */
	};
	rootObject = 5AB0A13E1E8504B000105D17 /* Project object */;
}
